# This file is autogenerated, do not edit; changes may be undone by the next 'dep ensure'.


[[projects]]
  name = "github.com/influxdata/influxdb"
  packages = [
    "client/v2",
    "models",
    "pkg/escape"
  ]
  revision = "cb03c542a4054f0f4d3dc13919d31c456bdb5c39"
  version = "v1.7.1"

[[projects]]
  branch = "master"
  name = "github.com/influxdata/platform"
  packages = [
    "models",
    "pkg/escape"
  ]
  revision = "5c2c8d40908223c84024dc03b34de29bb9cb0cf9"

[solve-meta]
  analyzer-name = "dep"
  analyzer-version = 1
  inputs-digest = "454b8f168f7201f2ae5ec6835a17ddc4b8e1d2e8bb702e511b8cfdf55b2bdbee"
  solver-name = "gps-cdcl"
  solver-version = 1
